
Microsoft Visual Studio Solution File, Format Version 12.00
# Visual Studio Version 16
VisualStudioVersion = 16.0.32002.261
MinimumVisualStudioVersion = 10.0.40219.1
Project("{FAE04EC0-301F-11D3-BF4B-00C04F79EFBC}") = "ImcApp.UWP", "ImcApp\ImcApp.UWP\ImcApp.UWP.csproj", "{E7B642BC-5E67-423B-B415-6B932F68D079}"
EndProject
Project("{FAE04EC0-301F-11D3-BF4B-00C04F79EFBC}") = "ImcApp.Android", "ImcApp\ImcApp.Android\ImcApp.Android.csproj", "{E58B99C9-AA58-43FA-BBCC-092014A916EB}"
EndProject
Project("{FAE04EC0-301F-11D3-BF4B-00C04F79EFBC}") = "ImcApp.iOS", "ImcApp\ImcApp.iOS\ImcApp.iOS.csproj", "{C06E4489-9B22-43BA-BC70-B14DE8556D83}"
EndProject
Project("{FAE04EC0-301F-11D3-BF4B-00C04F79EFBC}") = "ImcApp", "ImcApp\ImcApp\ImcApp.csproj", "{955E790D-3834-43BA-AC46-DE0E8DD19D0F}"
EndProject
Global
	GlobalSection(SolutionConfigurationPlatforms) = preSolution
		Debug|Any CPU = Debug|Any CPU
		Debug|ARM = Debug|ARM
		Debug|iPhone = Debug|iPhone
		Debug|iPhoneSimulator = Debug|iPhoneSimulator
		Debug|x64 = Debug|x64
		Debug|x86 = Debug|x86
		Release|Any CPU = Release|Any CPU
		Release|ARM = Release|ARM
		Release|iPhone = Release|iPhone
		Release|iPhoneSimulator = Release|iPhoneSimulator
		Release|x64 = Release|x64
		Release|x86 = Release|x86
	EndGlobalSection
	GlobalSection(ProjectConfigurationPlatforms) = postSolution
		{E7B642BC-5E67-423B-B415-6B932F68D079}.Debug|Any CPU.ActiveCfg = Debug|x86
		{E7B642BC-5E67-423B-B415-6B932F68D079}.Debug|Any CPU.Build.0 = Debug|x86
		{E7B642BC-5E67-423B-B415-6B932F68D079}.Debug|Any CPU.Deploy.0 = Debug|x86
		{E7B642BC-5E67-423B-B415-6B932F68D079}.Debug|ARM.ActiveCfg = Debug|ARM
		{E7B642BC-5E67-423B-B415-6B932F68D079}.Debug|ARM.Build.0 = Debug|ARM
		{E7B642BC-5E67-423B-B415-6B932F68D079}.Debug|ARM.Deploy.0 = Debug|ARM
		{E7B642BC-5E67-423B-B415-6B932F68D079}.Debug|iPhone.ActiveCfg = Debug|x86
		{E7B642BC-5E67-423B-B415-6B932F68D079}.Debug|iPhone.Build.0 = Debug|x86
		{E7B642BC-5E67-423B-B415-6B932F68D079}.Debug|iPhone.Deploy.0 = Debug|x86
		{E7B642BC-5E67-423B-B415-6B932F68D079}.Debug|iPhoneSimulator.ActiveCfg = Debug|x86
		{E7B642BC-5E67-423B-B415-6B932F68D079}.Debug|iPhoneSimulator.Build.0 = Debug|x86
		{E7B642BC-5E67-423B-B415-6B932F68D079}.Debug|iPhoneSimulator.Deploy.0 = Debug|x86
		{E7B642BC-5E67-423B-B415-6B932F68D079}.Debug|x64.ActiveCfg = Debug|x64
		{E7B642BC-5E67-423B-B415-6B932F68D079}.Debug|x64.Build.0 = Debug|x64
		{E7B642BC-5E67-423B-B415-6B932F68D079}.Debug|x64.Deploy.0 = Debug|x64
		{E7B642BC-5E67-423B-B415-6B932F68D079}.Debug|x86.ActiveCfg = Debug|x86
		{E7B642BC-5E67-423B-B415-6B932F68D079}.Debug|x86.Build.0 = Debug|x86
		{E7B642BC-5E67-423B-B415-6B932F68D079}.Debug|x86.Deploy.0 = Debug|x86
		{E7B642BC-5E67-423B-B415-6B932F68D079}.Release|Any CPU.ActiveCfg = Release|x86
		{E7B642BC-5E67-423B-B415-6B932F68D079}.Release|Any CPU.Build.0 = Release|x86
		{E7B642BC-5E67-423B-B415-6B932F68D079}.Release|Any CPU.Deploy.0 = Release|x86
		{E7B642BC-5E67-423B-B415-6B932F68D079}.Release|ARM.ActiveCfg = Release|ARM
		{E7B642BC-5E67-423B-B415-6B932F68D079}.Release|ARM.Build.0 = Release|ARM
		{E7B642BC-5E67-423B-B415-6B932F68D079}.Release|ARM.Deploy.0 = Release|ARM
		{E7B642BC-5E67-423B-B415-6B932F68D079}.Release|iPhone.ActiveCfg = Release|x86
		{E7B642BC-5E67-423B-B415-6B932F68D079}.Release|iPhone.Build.0 = Release|x86
		{E7B642BC-5E67-423B-B415-6B932F68D079}.Release|iPhone.Deploy.0 = Release|x86
		{E7B642BC-5E67-423B-B415-6B932F68D079}.Release|iPhoneSimulator.ActiveCfg = Release|x86
		{E7B642BC-5E67-423B-B415-6B932F68D079}.Release|iPhoneSimulator.Build.0 = Release|x86
		{E7B642BC-5E67-423B-B415-6B932F68D079}.Release|iPhoneSimulator.Deploy.0 = Release|x86
		{E7B642BC-5E67-423B-B415-6B932F68D079}.Release|x64.ActiveCfg = Release|x64
		{E7B642BC-5E67-423B-B415-6B932F68D079}.Release|x64.Build.0 = Release|x64
		{E7B642BC-5E67-423B-B415-6B932F68D079}.Release|x64.Deploy.0 = Release|x64
		{E7B642BC-5E67-423B-B415-6B932F68D079}.Release|x86.ActiveCfg = Release|x86
		{E7B642BC-5E67-423B-B415-6B932F68D079}.Release|x86.Build.0 = Release|x86
		{E7B642BC-5E67-423B-B415-6B932F68D079}.Release|x86.Deploy.0 = Release|x86
		{E58B99C9-AA58-43FA-BBCC-092014A916EB}.Debug|Any CPU.ActiveCfg = Debug|Any CPU
		{E58B99C9-AA58-43FA-BBCC-092014A916EB}.Debug|Any CPU.Build.0 = Debug|Any CPU
		{E58B99C9-AA58-43FA-BBCC-092014A916EB}.Debug|Any CPU.Deploy.0 = Debug|Any CPU
		{E58B99C9-AA58-43FA-BBCC-092014A916EB}.Debug|ARM.ActiveCfg = Debug|Any CPU
		{E58B99C9-AA58-43FA-BBCC-092014A916EB}.Debug|ARM.Build.0 = Debug|Any CPU
		{E58B99C9-AA58-43FA-BBCC-092014A916EB}.Debug|ARM.Deploy.0 = Debug|Any CPU
		{E58B99C9-AA58-43FA-BBCC-092014A916EB}.Debug|iPhone.ActiveCfg = Debug|Any CPU
		{E58B99C9-AA58-43FA-BBCC-092014A916EB}.Debug|iPhone.Build.0 = Debug|Any CPU
		{E58B99C9-AA58-43FA-BBCC-092014A916EB}.Debug|iPhone.Deploy.0 = Debug|Any CPU
		{E58B99C9-AA58-43FA-BBCC-092014A916EB}.Debug|iPhoneSimulator.ActiveCfg = Debug|Any CPU
		{E58B99C9-AA58-43FA-BBCC-092014A916EB}.Debug|iPhoneSimulator.Build.0 = Debug|Any CPU
		{E58B99C9-AA58-43FA-BBCC-092014A916EB}.Debug|iPhoneSimulator.Deploy.0 = Debug|Any CPU
		{E58B99C9-AA58-43FA-BBCC-092014A916EB}.Debug|x64.ActiveCfg = Debug|Any CPU
		{E58B99C9-AA58-43FA-BBCC-092014A916EB}.Debug|x64.Build.0 = Debug|Any CPU
		{E58B99C9-AA58-43FA-BBCC-092014A916EB}.Debug|x64.Deploy.0 = Debug|Any CPU
		{E58B99C9-AA58-43FA-BBCC-092014A916EB}.Debug|x86.ActiveCfg = Debug|Any CPU
		{E58B99C9-AA58-43FA-BBCC-092014A916EB}.Debug|x86.Build.0 = Debug|Any CPU
		{E58B99C9-AA58-43FA-BBCC-092014A916EB}.Debug|x86.Deploy.0 = Debug|Any CPU
		{E58B99C9-AA58-43FA-BBCC-092014A916EB}.Release|Any CPU.ActiveCfg = Release|Any CPU
		{E58B99C9-AA58-43FA-BBCC-092014A916EB}.Release|Any CPU.Build.0 = Release|Any CPU
		{E58B99C9-AA58-43FA-BBCC-092014A916EB}.Release|Any CPU.Deploy.0 = Release|Any CPU
		{E58B99C9-AA58-43FA-BBCC-092014A916EB}.Release|ARM.ActiveCfg = Release|Any CPU
		{E58B99C9-AA58-43FA-BBCC-092014A916EB}.Release|ARM.Build.0 = Release|Any CPU
		{E58B99C9-AA58-43FA-BBCC-092014A916EB}.Release|ARM.Deploy.0 = Release|Any CPU
		{E58B99C9-AA58-43FA-BBCC-092014A916EB}.Release|iPhone.ActiveCfg = Release|Any CPU
		{E58B99C9-AA58-43FA-BBCC-092014A916EB}.Release|iPhone.Build.0 = Release|Any CPU
		{E58B99C9-AA58-43FA-BBCC-092014A916EB}.Release|iPhone.Deploy.0 = Release|Any CPU
		{E58B99C9-AA58-43FA-BBCC-092014A916EB}.Release|iPhoneSimulator.ActiveCfg = Release|Any CPU
		{E58B99C9-AA58-43FA-BBCC-092014A916EB}.Release|iPhoneSimulator.Build.0 = Release|Any CPU
		{E58B99C9-AA58-43FA-BBCC-092014A916EB}.Release|iPhoneSimulator.Deploy.0 = Release|Any CPU
		{E58B99C9-AA58-43FA-BBCC-092014A916EB}.Release|x64.ActiveCfg = Release|Any CPU
		{E58B99C9-AA58-43FA-BBCC-092014A916EB}.Release|x64.Build.0 = Release|Any CPU
		{E58B99C9-AA58-43FA-BBCC-092014A916EB}.Release|x64.Deploy.0 = Release|Any CPU
		{E58B99C9-AA58-43FA-BBCC-092014A916EB}.Release|x86.ActiveCfg = Release|Any CPU
		{E58B99C9-AA58-43FA-BBCC-092014A916EB}.Release|x86.Build.0 = Release|Any CPU
		{E58B99C9-AA58-43FA-BBCC-092014A916EB}.Release|x86.Deploy.0 = Release|Any CPU
		{C06E4489-9B22-43BA-BC70-B14DE8556D83}.Debug|Any CPU.ActiveCfg = Debug|iPhoneSimulator
		{C06E4489-9B22-43BA-BC70-B14DE8556D83}.Debug|Any CPU.Build.0 = Debug|iPhoneSimulator
		{C06E4489-9B22-43BA-BC70-B14DE8556D83}.Debug|Any CPU.Deploy.0 = Debug|iPhoneSimulator
		{C06E4489-9B22-43BA-BC70-B14DE8556D83}.Debug|ARM.ActiveCfg = Debug|iPhone
		{C06E4489-9B22-43BA-BC70-B14DE8556D83}.Debug|ARM.Build.0 = Debug|iPhone
		{C06E4489-9B22-43BA-BC70-B14DE8556D83}.Debug|ARM.Deploy.0 = Debug|iPhone
		{C06E4489-9B22-43BA-BC70-B14DE8556D83}.Debug|iPhone.ActiveCfg = Debug|iPhone
		{C06E4489-9B22-43BA-BC70-B14DE8556D83}.Debug|iPhone.Build.0 = Debug|iPhone
		{C06E4489-9B22-43BA-BC70-B14DE8556D83}.Debug|iPhone.Deploy.0 = Debug|iPhone
		{C06E4489-9B22-43BA-BC70-B14DE8556D83}.Debug|iPhoneSimulator.ActiveCfg = Debug|iPhoneSimulator
		{C06E4489-9B22-43BA-BC70-B14DE8556D83}.Debug|iPhoneSimulator.Build.0 = Debug|iPhoneSimulator
		{C06E4489-9B22-43BA-BC70-B14DE8556D83}.Debug|iPhoneSimulator.Deploy.0 = Debug|iPhoneSimulator
		{C06E4489-9B22-43BA-BC70-B14DE8556D83}.Debug|x64.ActiveCfg = Debug|iPhoneSimulator
		{C06E4489-9B22-43BA-BC70-B14DE8556D83}.Debug|x64.Build.0 = Debug|iPhoneSimulator
		{C06E4489-9B22-43BA-BC70-B14DE8556D83}.Debug|x64.Deploy.0 = Debug|iPhoneSimulator
		{C06E4489-9B22-43BA-BC70-B14DE8556D83}.Debug|x86.ActiveCfg = Debug|iPhoneSimulator
		{C06E4489-9B22-43BA-BC70-B14DE8556D83}.Debug|x86.Build.0 = Debug|iPhoneSimulator
		{C06E4489-9B22-43BA-BC70-B14DE8556D83}.Debug|x86.Deploy.0 = Debug|iPhoneSimulator
		{C06E4489-9B22-43BA-BC70-B14DE8556D83}.Release|Any CPU.ActiveCfg = Release|iPhoneSimulator
		{C06E4489-9B22-43BA-BC70-B14DE8556D83}.Release|Any CPU.Build.0 = Release|iPhoneSimulator
		{C06E4489-9B22-43BA-BC70-B14DE8556D83}.Release|Any CPU.Deploy.0 = Release|iPhoneSimulator
		{C06E4489-9B22-43BA-BC70-B14DE8556D83}.Release|ARM.ActiveCfg = Release|iPhoneSimulator
		{C06E4489-9B22-43BA-BC70-B14DE8556D83}.Release|ARM.Build.0 = Release|iPhoneSimulator
		{C06E4489-9B22-43BA-BC70-B14DE8556D83}.Release|ARM.Deploy.0 = Release|iPhoneSimulator
		{C06E4489-9B22-43BA-BC70-B14DE8556D83}.Release|iPhone.ActiveCfg = Release|iPhone
		{C06E4489-9B22-43BA-BC70-B14DE8556D83}.Release|iPhone.Build.0 = Release|iPhone
		{C06E4489-9B22-43BA-BC70-B14DE8556D83}.Release|iPhone.Deploy.0 = Release|iPhone
		{C06E4489-9B22-43BA-BC70-B14DE8556D83}.Release|iPhoneSimulator.ActiveCfg = Release|iPhoneSimulator
		{C06E4489-9B22-43BA-BC70-B14DE8556D83}.Release|iPhoneSimulator.Build.0 = Release|iPhoneSimulator
		{C06E4489-9B22-43BA-BC70-B14DE8556D83}.Release|iPhoneSimulator.Deploy.0 = Release|iPhoneSimulator
		{C06E4489-9B22-43BA-BC70-B14DE8556D83}.Release|x64.ActiveCfg = Release|iPhoneSimulator
		{C06E4489-9B22-43BA-BC70-B14DE8556D83}.Release|x64.Build.0 = Release|iPhoneSimulator
		{C06E4489-9B22-43BA-BC70-B14DE8556D83}.Release|x64.Deploy.0 = Release|iPhoneSimulator
		{C06E4489-9B22-43BA-BC70-B14DE8556D83}.Release|x86.ActiveCfg = Release|iPhoneSimulator
		{C06E4489-9B22-43BA-BC70-B14DE8556D83}.Release|x86.Build.0 = Release|iPhoneSimulator
		{C06E4489-9B22-43BA-BC70-B14DE8556D83}.Release|x86.Deploy.0 = Release|iPhoneSimulator
		{955E790D-3834-43BA-AC46-DE0E8DD19D0F}.Debug|Any CPU.ActiveCfg = Debug|Any CPU
		{955E790D-3834-43BA-AC46-DE0E8DD19D0F}.Debug|Any CPU.Build.0 = Debug|Any CPU
		{955E790D-3834-43BA-AC46-DE0E8DD19D0F}.Debug|Any CPU.Deploy.0 = Debug|Any CPU
		{955E790D-3834-43BA-AC46-DE0E8DD19D0F}.Debug|ARM.ActiveCfg = Debug|Any CPU
		{955E790D-3834-43BA-AC46-DE0E8DD19D0F}.Debug|ARM.Build.0 = Debug|Any CPU
		{955E790D-3834-43BA-AC46-DE0E8DD19D0F}.Debug|ARM.Deploy.0 = Debug|Any CPU
		{955E790D-3834-43BA-AC46-DE0E8DD19D0F}.Debug|iPhone.ActiveCfg = Debug|Any CPU
		{955E790D-3834-43BA-AC46-DE0E8DD19D0F}.Debug|iPhone.Build.0 = Debug|Any CPU
		{955E790D-3834-43BA-AC46-DE0E8DD19D0F}.Debug|iPhone.Deploy.0 = Debug|Any CPU
		{955E790D-3834-43BA-AC46-DE0E8DD19D0F}.Debug|iPhoneSimulator.ActiveCfg = Debug|Any CPU
		{955E790D-3834-43BA-AC46-DE0E8DD19D0F}.Debug|iPhoneSimulator.Build.0 = Debug|Any CPU
		{955E790D-3834-43BA-AC46-DE0E8DD19D0F}.Debug|iPhoneSimulator.Deploy.0 = Debug|Any CPU
		{955E790D-3834-43BA-AC46-DE0E8DD19D0F}.Debug|x64.ActiveCfg = Debug|Any CPU
		{955E790D-3834-43BA-AC46-DE0E8DD19D0F}.Debug|x64.Build.0 = Debug|Any CPU
		{955E790D-3834-43BA-AC46-DE0E8DD19D0F}.Debug|x64.Deploy.0 = Debug|Any CPU
		{955E790D-3834-43BA-AC46-DE0E8DD19D0F}.Debug|x86.ActiveCfg = Debug|Any CPU
		{955E790D-3834-43BA-AC46-DE0E8DD19D0F}.Debug|x86.Build.0 = Debug|Any CPU
		{955E790D-3834-43BA-AC46-DE0E8DD19D0F}.Debug|x86.Deploy.0 = Debug|Any CPU
		{955E790D-3834-43BA-AC46-DE0E8DD19D0F}.Release|Any CPU.ActiveCfg = Release|Any CPU
		{955E790D-3834-43BA-AC46-DE0E8DD19D0F}.Release|Any CPU.Build.0 = Release|Any CPU
		{955E790D-3834-43BA-AC46-DE0E8DD19D0F}.Release|Any CPU.Deploy.0 = Release|Any CPU
		{955E790D-3834-43BA-AC46-DE0E8DD19D0F}.Release|ARM.ActiveCfg = Release|Any CPU
		{955E790D-3834-43BA-AC46-DE0E8DD19D0F}.Release|ARM.Build.0 = Release|Any CPU
		{955E790D-3834-43BA-AC46-DE0E8DD19D0F}.Release|ARM.Deploy.0 = Release|Any CPU
		{955E790D-3834-43BA-AC46-DE0E8DD19D0F}.Release|iPhone.ActiveCfg = Release|Any CPU
		{955E790D-3834-43BA-AC46-DE0E8DD19D0F}.Release|iPhone.Build.0 = Release|Any CPU
		{955E790D-3834-43BA-AC46-DE0E8DD19D0F}.Release|iPhone.Deploy.0 = Release|Any CPU
		{955E790D-3834-43BA-AC46-DE0E8DD19D0F}.Release|iPhoneSimulator.ActiveCfg = Release|Any CPU
		{955E790D-3834-43BA-AC46-DE0E8DD19D0F}.Release|iPhoneSimulator.Build.0 = Release|Any CPU
		{955E790D-3834-43BA-AC46-DE0E8DD19D0F}.Release|iPhoneSimulator.Deploy.0 = Release|Any CPU
		{955E790D-3834-43BA-AC46-DE0E8DD19D0F}.Release|x64.ActiveCfg = Release|Any CPU
		{955E790D-3834-43BA-AC46-DE0E8DD19D0F}.Release|x64.Build.0 = Release|Any CPU
		{955E790D-3834-43BA-AC46-DE0E8DD19D0F}.Release|x64.Deploy.0 = Release|Any CPU
		{955E790D-3834-43BA-AC46-DE0E8DD19D0F}.Release|x86.ActiveCfg = Release|Any CPU
		{955E790D-3834-43BA-AC46-DE0E8DD19D0F}.Release|x86.Build.0 = Release|Any CPU
		{955E790D-3834-43BA-AC46-DE0E8DD19D0F}.Release|x86.Deploy.0 = Release|Any CPU
	EndGlobalSection
	GlobalSection(SolutionProperties) = preSolution
		HideSolutionNode = FALSE
	EndGlobalSection
	GlobalSection(ExtensibilityGlobals) = postSolution
		SolutionGuid = {70DD2DD0-9C2E-4FA5-B5BD-247D67875A76}
	EndGlobalSection
EndGlobal
